
Microsoft Visual Studio Solution File, Format Version 12.00
# Visual Studio Version 17
VisualStudioVersion = 17.1.32414.318
MinimumVisualStudioVersion = 10.0.40219.1
Project("{C7167F0D-BC9F-4E6E-AFE1-012C56B48DB5}") = "WinUI_CanExecute_Sample (Package)", "WinUI_CanExecute_Sample\WinUI_CanExecute_Sample (Package)\WinUI_CanExecute_Sample (Package).wapproj", "{76804ABE-0723-4BCD-BAF6-6581F629E799}"
EndProject
Project("{FAE04EC0-301F-11D3-BF4B-00C04F79EFBC}") = "WinUI_CanExecute_Sample", "WinUI_CanExecute_Sample\WinUI_CanExecute_Sample\WinUI_CanExecute_Sample.csproj", "{717C16A1-FC36-4B52-9D64-329E4C6C0A04}"
EndProject
Global
	GlobalSection(SolutionConfigurationPlatforms) = preSolution
		Debug|arm64 = Debug|arm64
		Debug|x64 = Debug|x64
		Debug|x86 = Debug|x86
		Release|arm64 = Release|arm64
		Release|x64 = Release|x64
		Release|x86 = Release|x86
	EndGlobalSection
	GlobalSection(ProjectConfigurationPlatforms) = postSolution
		{76804ABE-0723-4BCD-BAF6-6581F629E799}.Debug|arm64.ActiveCfg = Debug|arm64
		{76804ABE-0723-4BCD-BAF6-6581F629E799}.Debug|arm64.Build.0 = Debug|arm64
		{76804ABE-0723-4BCD-BAF6-6581F629E799}.Debug|arm64.Deploy.0 = Debug|arm64
		{76804ABE-0723-4BCD-BAF6-6581F629E799}.Debug|x64.ActiveCfg = Debug|x64
		{76804ABE-0723-4BCD-BAF6-6581F629E799}.Debug|x64.Build.0 = Debug|x64
		{76804ABE-0723-4BCD-BAF6-6581F629E799}.Debug|x64.Deploy.0 = Debug|x64
		{76804ABE-0723-4BCD-BAF6-6581F629E799}.Debug|x86.ActiveCfg = Debug|x86
		{76804ABE-0723-4BCD-BAF6-6581F629E799}.Debug|x86.Build.0 = Debug|x86
		{76804ABE-0723-4BCD-BAF6-6581F629E799}.Debug|x86.Deploy.0 = Debug|x86
		{76804ABE-0723-4BCD-BAF6-6581F629E799}.Release|arm64.ActiveCfg = Release|arm64
		{76804ABE-0723-4BCD-BAF6-6581F629E799}.Release|arm64.Build.0 = Release|arm64
		{76804ABE-0723-4BCD-BAF6-6581F629E799}.Release|arm64.Deploy.0 = Release|arm64
		{76804ABE-0723-4BCD-BAF6-6581F629E799}.Release|x64.ActiveCfg = Release|x64
		{76804ABE-0723-4BCD-BAF6-6581F629E799}.Release|x64.Build.0 = Release|x64
		{76804ABE-0723-4BCD-BAF6-6581F629E799}.Release|x64.Deploy.0 = Release|x64
		{76804ABE-0723-4BCD-BAF6-6581F629E799}.Release|x86.ActiveCfg = Release|x86
		{76804ABE-0723-4BCD-BAF6-6581F629E799}.Release|x86.Build.0 = Release|x86
		{76804ABE-0723-4BCD-BAF6-6581F629E799}.Release|x86.Deploy.0 = Release|x86
		{717C16A1-FC36-4B52-9D64-329E4C6C0A04}.Debug|arm64.ActiveCfg = Debug|arm64
		{717C16A1-FC36-4B52-9D64-329E4C6C0A04}.Debug|arm64.Build.0 = Debug|arm64
		{717C16A1-FC36-4B52-9D64-329E4C6C0A04}.Debug|x64.ActiveCfg = Debug|x64
		{717C16A1-FC36-4B52-9D64-329E4C6C0A04}.Debug|x64.Build.0 = Debug|x64
		{717C16A1-FC36-4B52-9D64-329E4C6C0A04}.Debug|x86.ActiveCfg = Debug|x86
		{717C16A1-FC36-4B52-9D64-329E4C6C0A04}.Debug|x86.Build.0 = Debug|x86
		{717C16A1-FC36-4B52-9D64-329E4C6C0A04}.Release|arm64.ActiveCfg = Release|arm64
		{717C16A1-FC36-4B52-9D64-329E4C6C0A04}.Release|arm64.Build.0 = Release|arm64
		{717C16A1-FC36-4B52-9D64-329E4C6C0A04}.Release|x64.ActiveCfg = Release|x64
		{717C16A1-FC36-4B52-9D64-329E4C6C0A04}.Release|x64.Build.0 = Release|x64
		{717C16A1-FC36-4B52-9D64-329E4C6C0A04}.Release|x86.ActiveCfg = Release|x86
		{717C16A1-FC36-4B52-9D64-329E4C6C0A04}.Release|x86.Build.0 = Release|x86
	EndGlobalSection
	GlobalSection(SolutionProperties) = preSolution
		HideSolutionNode = FALSE
	EndGlobalSection
	GlobalSection(ExtensibilityGlobals) = postSolution
		SolutionGuid = {2819CD88-F6EE-409A-A160-1C9B9DD385E0}
	EndGlobalSection
EndGlobal
